
Microsoft Visual Studio Solution File, Format Version 12.00
# Visual Studio Version 17
VisualStudioVersion = 17.9.34723.18
MinimumVisualStudioVersion = 10.0.40219.1
Project("{9A19103F-16F7-4668-BE54-9A1E7A4F7556}") = "ProyectoPajov.API", "ProyectoPajov.API\ProyectoPajov.API.csproj", "{AA8AB2D3-CA8C-4F0E-94EE-FF506F7AE839}"
EndProject
Project("{2150E333-8FDC-42A3-9474-1A3956D46DE8}") = "Core", "Core", "{3B080F6D-4374-431C-92E4-1FF5D592487F}"
EndProject
Project("{2150E333-8FDC-42A3-9474-1A3956D46DE8}") = "Infrastructure", "Infrastructure", "{9B3C5E4C-9854-400B-AB6A-C34EF57994C1}"
EndProject
Project("{2150E333-8FDC-42A3-9474-1A3956D46DE8}") = "Presentation", "Presentation", "{63BDC8F6-4C2F-4B67-9BF5-A202BCCCEE1C}"
EndProject
Project("{FAE04EC0-301F-11D3-BF4B-00C04F79EFBC}") = "ProyectoPajov.Application", "ProyectoPajov.Application\ProyectoPajov.Application.csproj", "{08C6E77B-BFC3-4D79-A349-E9083718CC36}"
EndProject
Project("{FAE04EC0-301F-11D3-BF4B-00C04F79EFBC}") = "ProyectoPajov.Domain", "ProyectoPajov.Domain\ProyectoPajov.Domain.csproj", "{B2318D5C-5E96-447D-8107-C16845BF960F}"
EndProject
Project("{FAE04EC0-301F-11D3-BF4B-00C04F79EFBC}") = "ProyectoPajov.Infrastructure", "ProyectoPajov\ProyectoPajov.Infrastructure.csproj", "{BF4CB39F-05D0-4358-813D-54F712C65075}"
EndProject
Global
	GlobalSection(SolutionConfigurationPlatforms) = preSolution
		Debug|Any CPU = Debug|Any CPU
		Release|Any CPU = Release|Any CPU
	EndGlobalSection
	GlobalSection(ProjectConfigurationPlatforms) = postSolution
		{AA8AB2D3-CA8C-4F0E-94EE-FF506F7AE839}.Debug|Any CPU.ActiveCfg = Debug|Any CPU
		{AA8AB2D3-CA8C-4F0E-94EE-FF506F7AE839}.Debug|Any CPU.Build.0 = Debug|Any CPU
		{AA8AB2D3-CA8C-4F0E-94EE-FF506F7AE839}.Release|Any CPU.ActiveCfg = Release|Any CPU
		{AA8AB2D3-CA8C-4F0E-94EE-FF506F7AE839}.Release|Any CPU.Build.0 = Release|Any CPU
		{08C6E77B-BFC3-4D79-A349-E9083718CC36}.Debug|Any CPU.ActiveCfg = Debug|Any CPU
		{08C6E77B-BFC3-4D79-A349-E9083718CC36}.Debug|Any CPU.Build.0 = Debug|Any CPU
		{08C6E77B-BFC3-4D79-A349-E9083718CC36}.Release|Any CPU.ActiveCfg = Release|Any CPU
		{08C6E77B-BFC3-4D79-A349-E9083718CC36}.Release|Any CPU.Build.0 = Release|Any CPU
		{B2318D5C-5E96-447D-8107-C16845BF960F}.Debug|Any CPU.ActiveCfg = Debug|Any CPU
		{B2318D5C-5E96-447D-8107-C16845BF960F}.Debug|Any CPU.Build.0 = Debug|Any CPU
		{B2318D5C-5E96-447D-8107-C16845BF960F}.Release|Any CPU.ActiveCfg = Release|Any CPU
		{B2318D5C-5E96-447D-8107-C16845BF960F}.Release|Any CPU.Build.0 = Release|Any CPU
		{BF4CB39F-05D0-4358-813D-54F712C65075}.Debug|Any CPU.ActiveCfg = Debug|Any CPU
		{BF4CB39F-05D0-4358-813D-54F712C65075}.Debug|Any CPU.Build.0 = Debug|Any CPU
		{BF4CB39F-05D0-4358-813D-54F712C65075}.Release|Any CPU.ActiveCfg = Release|Any CPU
		{BF4CB39F-05D0-4358-813D-54F712C65075}.Release|Any CPU.Build.0 = Release|Any CPU
	EndGlobalSection
	GlobalSection(SolutionProperties) = preSolution
		HideSolutionNode = FALSE
	EndGlobalSection
	GlobalSection(NestedProjects) = preSolution
		{AA8AB2D3-CA8C-4F0E-94EE-FF506F7AE839} = {63BDC8F6-4C2F-4B67-9BF5-A202BCCCEE1C}
		{08C6E77B-BFC3-4D79-A349-E9083718CC36} = {3B080F6D-4374-431C-92E4-1FF5D592487F}
		{B2318D5C-5E96-447D-8107-C16845BF960F} = {3B080F6D-4374-431C-92E4-1FF5D592487F}
		{BF4CB39F-05D0-4358-813D-54F712C65075} = {9B3C5E4C-9854-400B-AB6A-C34EF57994C1}
	EndGlobalSection
	GlobalSection(ExtensibilityGlobals) = postSolution
		SolutionGuid = {0C4FDAE2-5D07-4DD7-809E-E79C9EBF29F1}
	EndGlobalSection
EndGlobal
